{
  "name": "npm-clean-fixture",
  "version": "0.0.1",
  "lockfileVersion": 3,
  "requires": true,
  "packages": {
    "": {
      "name": "npm-clean-fixture",
      "version": "0.0.1",
      "dependencies": {
        "semver": "^7.5.4",
        "minimatch": "^9.0.3"
      }
    },
    "node_modules/semver": {
      "version": "7.5.4"
    },
    "node_modules/minimatch": {
      "version": "9.0.3"
    },
    "node_modules/acorn": {
      "version": "8.11.3"
    },
    "node_modules/ajv": {
      "version": "8.12.0"
    }
  }
}
